
Microsoft Visual Studio Solution File, Format Version 12.00
# Visual Studio 15
VisualStudioVersion = 15.0.26430.4
MinimumVisualStudioVersion = 10.0.40219.1
Project("{FAE04EC0-301F-11D3-BF4B-00C04F79EFBC}") = "Opg01_HelloWorld", "Opg01_HelloWorld\Opg01_HelloWorld.csproj", "{1A3A9BD8-8A43-4E80-9159-3D278C79F421}"
EndProject
Project("{FAE04EC0-301F-11D3-BF4B-00C04F79EFBC}") = "Opg02_Variabler", "Opg02_Variabler\Opg02_Variabler.csproj", "{956E8B9E-BCD8-4C72-BA40-5B77714A909B}"
EndProject
Project("{FAE04EC0-301F-11D3-BF4B-00C04F79EFBC}") = "Opg03Arrays", "COpg03Arrays\Opg03Arrays.csproj", "{63C9F009-504B-446C-9B22-60E214B14CFF}"
EndProject
Project("{FAE04EC0-301F-11D3-BF4B-00C04F79EFBC}") = "Opg04Strenge", "Opg4Strenge\Opg04Strenge.csproj", "{36E4777F-9C48-4FFB-908E-A3FE1B0D1485}"
EndProject
Project("{FAE04EC0-301F-11D3-BF4B-00C04F79EFBC}") = "Opg05Løkker", "Opg05_Løkker\Opg05Løkker.csproj", "{8A78B5D8-91AA-44A4-B26B-6FF0BDA3C343}"
EndProject
Project("{FAE04EC0-301F-11D3-BF4B-00C04F79EFBC}") = "Opg6Metoder", "Opg6Metoder\Opg6Metoder.csproj", "{B1B9DD92-238C-45DF-B9A5-BD553C3531BA}"
EndProject
Project("{FAE04EC0-301F-11D3-BF4B-00C04F79EFBC}") = "Opg6aBeregnArray", "Opg6aBeregnArray\Opg6aBeregnArray.csproj", "{68A1D65E-65D9-49BF-989F-6D45FDFAC886}"
EndProject
Project("{FAE04EC0-301F-11D3-BF4B-00C04F79EFBC}") = "Opg6bOverload", "Opg6bOverload\Opg6bOverload.csproj", "{D54B5128-C75D-41E2-AF60-685122BFBBCE}"
EndProject
Project("{FAE04EC0-301F-11D3-BF4B-00C04F79EFBC}") = "Opg7Terning", "Opg7Terning\Opg7Terning.csproj", "{8CF689C3-B948-42A7-886B-C99747525A50}"
EndProject
Project("{FAE04EC0-301F-11D3-BF4B-00C04F79EFBC}") = "Opg07aNyTerning", "Opg07aNyTerning\Opg07aNyTerning.csproj", "{2EEF9117-AC33-4BF0-B1D1-B486B5AF2998}"
EndProject
Project("{FAE04EC0-301F-11D3-BF4B-00C04F79EFBC}") = "Modul07vare", "Modul07vare\Modul07vare.csproj", "{BAC5D189-450C-454E-868B-C30EEA61202B}"
EndProject
Project("{FAE04EC0-301F-11D3-BF4B-00C04F79EFBC}") = "Modul07Person", "Modul07Person\Modul07Person.csproj", "{F32FE3DF-3498-4D6F-B541-2CA43DF9B5EC}"
EndProject
Project("{FAE04EC0-301F-11D3-BF4B-00C04F79EFBC}") = "Modul07PersonNedarv", "Modul07PersonNedarv\Modul07PersonNedarv.csproj", "{9A617991-123F-41A8-87B6-F67B83978AF1}"
EndProject
Project("{FAE04EC0-301F-11D3-BF4B-00C04F79EFBC}") = "Modul07Terning", "Modul07Terning\Modul07Terning.csproj", "{607B2F30-1149-4C46-AFFD-679F8E529FAA}"
EndProject
Project("{FAE04EC0-301F-11D3-BF4B-00C04F79EFBC}") = "Module09ExceptionHandling", "Module09ExceptionHandling\Module09ExceptionHandling.csproj", "{B2C5FD79-57AB-47BF-A85B-2CE76B516B25}"
EndProject
Project("{FAE04EC0-301F-11D3-BF4B-00C04F79EFBC}") = "Modul09Logging", "Modul09Logging\Modul09Logging.csproj", "{9B94678D-5DC1-4A30-B705-E1B276AC3844}"
EndProject
Global
	GlobalSection(SolutionConfigurationPlatforms) = preSolution
		Debug|Any CPU = Debug|Any CPU
		Release|Any CPU = Release|Any CPU
	EndGlobalSection
	GlobalSection(ProjectConfigurationPlatforms) = postSolution
		{1A3A9BD8-8A43-4E80-9159-3D278C79F421}.Debug|Any CPU.ActiveCfg = Debug|Any CPU
		{1A3A9BD8-8A43-4E80-9159-3D278C79F421}.Debug|Any CPU.Build.0 = Debug|Any CPU
		{1A3A9BD8-8A43-4E80-9159-3D278C79F421}.Release|Any CPU.ActiveCfg = Release|Any CPU
		{1A3A9BD8-8A43-4E80-9159-3D278C79F421}.Release|Any CPU.Build.0 = Release|Any CPU
		{956E8B9E-BCD8-4C72-BA40-5B77714A909B}.Debug|Any CPU.ActiveCfg = Debug|Any CPU
		{956E8B9E-BCD8-4C72-BA40-5B77714A909B}.Debug|Any CPU.Build.0 = Debug|Any CPU
		{956E8B9E-BCD8-4C72-BA40-5B77714A909B}.Release|Any CPU.ActiveCfg = Release|Any CPU
		{956E8B9E-BCD8-4C72-BA40-5B77714A909B}.Release|Any CPU.Build.0 = Release|Any CPU
		{63C9F009-504B-446C-9B22-60E214B14CFF}.Debug|Any CPU.ActiveCfg = Debug|Any CPU
		{63C9F009-504B-446C-9B22-60E214B14CFF}.Debug|Any CPU.Build.0 = Debug|Any CPU
		{63C9F009-504B-446C-9B22-60E214B14CFF}.Release|Any CPU.ActiveCfg = Release|Any CPU
		{63C9F009-504B-446C-9B22-60E214B14CFF}.Release|Any CPU.Build.0 = Release|Any CPU
		{36E4777F-9C48-4FFB-908E-A3FE1B0D1485}.Debug|Any CPU.ActiveCfg = Debug|Any CPU
		{36E4777F-9C48-4FFB-908E-A3FE1B0D1485}.Debug|Any CPU.Build.0 = Debug|Any CPU
		{36E4777F-9C48-4FFB-908E-A3FE1B0D1485}.Release|Any CPU.ActiveCfg = Release|Any CPU
		{36E4777F-9C48-4FFB-908E-A3FE1B0D1485}.Release|Any CPU.Build.0 = Release|Any CPU
		{8A78B5D8-91AA-44A4-B26B-6FF0BDA3C343}.Debug|Any CPU.ActiveCfg = Debug|Any CPU
		{8A78B5D8-91AA-44A4-B26B-6FF0BDA3C343}.Debug|Any CPU.Build.0 = Debug|Any CPU
		{8A78B5D8-91AA-44A4-B26B-6FF0BDA3C343}.Release|Any CPU.ActiveCfg = Release|Any CPU
		{8A78B5D8-91AA-44A4-B26B-6FF0BDA3C343}.Release|Any CPU.Build.0 = Release|Any CPU
		{B1B9DD92-238C-45DF-B9A5-BD553C3531BA}.Debug|Any CPU.ActiveCfg = Debug|Any CPU
		{B1B9DD92-238C-45DF-B9A5-BD553C3531BA}.Debug|Any CPU.Build.0 = Debug|Any CPU
		{B1B9DD92-238C-45DF-B9A5-BD553C3531BA}.Release|Any CPU.ActiveCfg = Release|Any CPU
		{B1B9DD92-238C-45DF-B9A5-BD553C3531BA}.Release|Any CPU.Build.0 = Release|Any CPU
		{68A1D65E-65D9-49BF-989F-6D45FDFAC886}.Debug|Any CPU.ActiveCfg = Debug|Any CPU
		{68A1D65E-65D9-49BF-989F-6D45FDFAC886}.Debug|Any CPU.Build.0 = Debug|Any CPU
		{68A1D65E-65D9-49BF-989F-6D45FDFAC886}.Release|Any CPU.ActiveCfg = Release|Any CPU
		{68A1D65E-65D9-49BF-989F-6D45FDFAC886}.Release|Any CPU.Build.0 = Release|Any CPU
		{D54B5128-C75D-41E2-AF60-685122BFBBCE}.Debug|Any CPU.ActiveCfg = Debug|Any CPU
		{D54B5128-C75D-41E2-AF60-685122BFBBCE}.Debug|Any CPU.Build.0 = Debug|Any CPU
		{D54B5128-C75D-41E2-AF60-685122BFBBCE}.Release|Any CPU.ActiveCfg = Release|Any CPU
		{D54B5128-C75D-41E2-AF60-685122BFBBCE}.Release|Any CPU.Build.0 = Release|Any CPU
		{8CF689C3-B948-42A7-886B-C99747525A50}.Debug|Any CPU.ActiveCfg = Debug|Any CPU
		{8CF689C3-B948-42A7-886B-C99747525A50}.Debug|Any CPU.Build.0 = Debug|Any CPU
		{8CF689C3-B948-42A7-886B-C99747525A50}.Release|Any CPU.ActiveCfg = Release|Any CPU
		{8CF689C3-B948-42A7-886B-C99747525A50}.Release|Any CPU.Build.0 = Release|Any CPU
		{2EEF9117-AC33-4BF0-B1D1-B486B5AF2998}.Debug|Any CPU.ActiveCfg = Debug|Any CPU
		{2EEF9117-AC33-4BF0-B1D1-B486B5AF2998}.Debug|Any CPU.Build.0 = Debug|Any CPU
		{2EEF9117-AC33-4BF0-B1D1-B486B5AF2998}.Release|Any CPU.ActiveCfg = Release|Any CPU
		{2EEF9117-AC33-4BF0-B1D1-B486B5AF2998}.Release|Any CPU.Build.0 = Release|Any CPU
		{BAC5D189-450C-454E-868B-C30EEA61202B}.Debug|Any CPU.ActiveCfg = Debug|Any CPU
		{BAC5D189-450C-454E-868B-C30EEA61202B}.Debug|Any CPU.Build.0 = Debug|Any CPU
		{BAC5D189-450C-454E-868B-C30EEA61202B}.Release|Any CPU.ActiveCfg = Release|Any CPU
		{BAC5D189-450C-454E-868B-C30EEA61202B}.Release|Any CPU.Build.0 = Release|Any CPU
		{F32FE3DF-3498-4D6F-B541-2CA43DF9B5EC}.Debug|Any CPU.ActiveCfg = Debug|Any CPU
		{F32FE3DF-3498-4D6F-B541-2CA43DF9B5EC}.Debug|Any CPU.Build.0 = Debug|Any CPU
		{F32FE3DF-3498-4D6F-B541-2CA43DF9B5EC}.Release|Any CPU.ActiveCfg = Release|Any CPU
		{F32FE3DF-3498-4D6F-B541-2CA43DF9B5EC}.Release|Any CPU.Build.0 = Release|Any CPU
		{9A617991-123F-41A8-87B6-F67B83978AF1}.Debug|Any CPU.ActiveCfg = Debug|Any CPU
		{9A617991-123F-41A8-87B6-F67B83978AF1}.Debug|Any CPU.Build.0 = Debug|Any CPU
		{9A617991-123F-41A8-87B6-F67B83978AF1}.Release|Any CPU.ActiveCfg = Release|Any CPU
		{9A617991-123F-41A8-87B6-F67B83978AF1}.Release|Any CPU.Build.0 = Release|Any CPU
		{607B2F30-1149-4C46-AFFD-679F8E529FAA}.Debug|Any CPU.ActiveCfg = Debug|Any CPU
		{607B2F30-1149-4C46-AFFD-679F8E529FAA}.Debug|Any CPU.Build.0 = Debug|Any CPU
		{607B2F30-1149-4C46-AFFD-679F8E529FAA}.Release|Any CPU.ActiveCfg = Release|Any CPU
		{607B2F30-1149-4C46-AFFD-679F8E529FAA}.Release|Any CPU.Build.0 = Release|Any CPU
		{B2C5FD79-57AB-47BF-A85B-2CE76B516B25}.Debug|Any CPU.ActiveCfg = Debug|Any CPU
		{B2C5FD79-57AB-47BF-A85B-2CE76B516B25}.Debug|Any CPU.Build.0 = Debug|Any CPU
		{B2C5FD79-57AB-47BF-A85B-2CE76B516B25}.Release|Any CPU.ActiveCfg = Release|Any CPU
		{B2C5FD79-57AB-47BF-A85B-2CE76B516B25}.Release|Any CPU.Build.0 = Release|Any CPU
		{9B94678D-5DC1-4A30-B705-E1B276AC3844}.Debug|Any CPU.ActiveCfg = Debug|Any CPU
		{9B94678D-5DC1-4A30-B705-E1B276AC3844}.Debug|Any CPU.Build.0 = Debug|Any CPU
		{9B94678D-5DC1-4A30-B705-E1B276AC3844}.Release|Any CPU.ActiveCfg = Release|Any CPU
		{9B94678D-5DC1-4A30-B705-E1B276AC3844}.Release|Any CPU.Build.0 = Release|Any CPU
	EndGlobalSection
	GlobalSection(SolutionProperties) = preSolution
		HideSolutionNode = FALSE
	EndGlobalSection
EndGlobal
