
Microsoft Visual Studio Solution File, Format Version 12.00
# Visual Studio 15
VisualStudioVersion = 15.0.26403.7
MinimumVisualStudioVersion = 10.0.40219.1
Project("{FAE04EC0-301F-11D3-BF4B-00C04F79EFBC}") = "Opg01_HelloWorld", "Opg01_HelloWorld\Opg01_HelloWorld.csproj", "{1A3A9BD8-8A43-4E80-9159-3D278C79F421}"
EndProject
Project("{FAE04EC0-301F-11D3-BF4B-00C04F79EFBC}") = "Opg02_Variabler", "Opg02_Variabler\Opg02_Variabler.csproj", "{956E8B9E-BCD8-4C72-BA40-5B77714A909B}"
EndProject
Project("{FAE04EC0-301F-11D3-BF4B-00C04F79EFBC}") = "Opg03Arrays", "COpg03Arrays\Opg03Arrays.csproj", "{63C9F009-504B-446C-9B22-60E214B14CFF}"
EndProject
Project("{FAE04EC0-301F-11D3-BF4B-00C04F79EFBC}") = "Opg04Strenge", "Opg4Strenge\Opg04Strenge.csproj", "{36E4777F-9C48-4FFB-908E-A3FE1B0D1485}"
EndProject
Project("{FAE04EC0-301F-11D3-BF4B-00C04F79EFBC}") = "Opg05Løkker", "Opg05_Løkker\Opg05Løkker.csproj", "{8A78B5D8-91AA-44A4-B26B-6FF0BDA3C343}"
EndProject
Global
	GlobalSection(SolutionConfigurationPlatforms) = preSolution
		Debug|Any CPU = Debug|Any CPU
		Release|Any CPU = Release|Any CPU
	EndGlobalSection
	GlobalSection(ProjectConfigurationPlatforms) = postSolution
		{1A3A9BD8-8A43-4E80-9159-3D278C79F421}.Debug|Any CPU.ActiveCfg = Debug|Any CPU
		{1A3A9BD8-8A43-4E80-9159-3D278C79F421}.Debug|Any CPU.Build.0 = Debug|Any CPU
		{1A3A9BD8-8A43-4E80-9159-3D278C79F421}.Release|Any CPU.ActiveCfg = Release|Any CPU
		{1A3A9BD8-8A43-4E80-9159-3D278C79F421}.Release|Any CPU.Build.0 = Release|Any CPU
		{956E8B9E-BCD8-4C72-BA40-5B77714A909B}.Debug|Any CPU.ActiveCfg = Debug|Any CPU
		{956E8B9E-BCD8-4C72-BA40-5B77714A909B}.Debug|Any CPU.Build.0 = Debug|Any CPU
		{956E8B9E-BCD8-4C72-BA40-5B77714A909B}.Release|Any CPU.ActiveCfg = Release|Any CPU
		{956E8B9E-BCD8-4C72-BA40-5B77714A909B}.Release|Any CPU.Build.0 = Release|Any CPU
		{63C9F009-504B-446C-9B22-60E214B14CFF}.Debug|Any CPU.ActiveCfg = Debug|Any CPU
		{63C9F009-504B-446C-9B22-60E214B14CFF}.Debug|Any CPU.Build.0 = Debug|Any CPU
		{63C9F009-504B-446C-9B22-60E214B14CFF}.Release|Any CPU.ActiveCfg = Release|Any CPU
		{63C9F009-504B-446C-9B22-60E214B14CFF}.Release|Any CPU.Build.0 = Release|Any CPU
		{36E4777F-9C48-4FFB-908E-A3FE1B0D1485}.Debug|Any CPU.ActiveCfg = Debug|Any CPU
		{36E4777F-9C48-4FFB-908E-A3FE1B0D1485}.Debug|Any CPU.Build.0 = Debug|Any CPU
		{36E4777F-9C48-4FFB-908E-A3FE1B0D1485}.Release|Any CPU.ActiveCfg = Release|Any CPU
		{36E4777F-9C48-4FFB-908E-A3FE1B0D1485}.Release|Any CPU.Build.0 = Release|Any CPU
		{8A78B5D8-91AA-44A4-B26B-6FF0BDA3C343}.Debug|Any CPU.ActiveCfg = Debug|Any CPU
		{8A78B5D8-91AA-44A4-B26B-6FF0BDA3C343}.Debug|Any CPU.Build.0 = Debug|Any CPU
		{8A78B5D8-91AA-44A4-B26B-6FF0BDA3C343}.Release|Any CPU.ActiveCfg = Release|Any CPU
		{8A78B5D8-91AA-44A4-B26B-6FF0BDA3C343}.Release|Any CPU.Build.0 = Release|Any CPU
	EndGlobalSection
	GlobalSection(SolutionProperties) = preSolution
		HideSolutionNode = FALSE
	EndGlobalSection
EndGlobal
